{
  "name": "node-uptime",
  "version": "3.2.0",
  "lockfileVersion": 1,
  "requires": true,
  "dependencies": {
    "accepts": {
      "version": "1.3.7",
      "resolved": "https://registry.npm.taobao.org/accepts/download/accepts-1.3.7.tgz",
      "integrity": "sha1-UxvHJlF6OytB+FACHGzBXqq1B80=",
      "requires": {
        "mime-types": "~2.1.24",
        "negotiator": "0.6.2"
      }
    },
    "addressparser": {
      "version": "1.0.1",
      "resolved": "https://registry.npm.taobao.org/addressparser/download/addressparser-1.0.1.tgz",
      "integrity": "sha1-R6++GiqSYhkdtoOOT9HTm0CCF0Y="
    },
    "after": {
      "version": "0.8.2",
      "resolved": "https://registry.npm.taobao.org/after/download/after-0.8.2.tgz",
      "integrity": "sha1-/ts5T58OAqqXaOcCvaI7UF+ufh8="
    },
    "argparse": {
      "version": "0.1.16",
      "resolved": "https://registry.npm.taobao.org/argparse/download/argparse-0.1.16.tgz",
      "integrity": "sha1-z9AeD7uj1srtBJ+9dY1A9lGW9Xw=",
      "requires": {
        "underscore": "~1.7.0",
        "underscore.string": "~2.4.0"
      }
    },
    "arraybuffer.slice": {
      "version": "0.0.7",
      "resolved": "https://registry.npm.taobao.org/arraybuffer.slice/download/arraybuffer.slice-0.0.7.tgz",
      "integrity": "sha1-O7xCdd1YTMGxCAm4nU6LY6aednU="
    },
    "async": {
      "version": "0.1.22",
      "resolved": "https://registry.npm.taobao.org/async/download/async-0.1.22.tgz",
      "integrity": "sha1-D8GqoIig4+8Ovi2IMbqw3PiEUGE="
    },
    "backo2": {
      "version": "1.0.2",
      "resolved": "https://registry.npm.taobao.org/backo2/download/backo2-1.0.2.tgz",
      "integrity": "sha1-MasayLEpNjRj41s+u2n038+6eUc="
    },
    "base64-arraybuffer": {
      "version": "0.1.4",
      "resolved": "https://registry.npm.taobao.org/base64-arraybuffer/download/base64-arraybuffer-0.1.4.tgz",
      "integrity": "sha1-mBjHngWbE1X5fgQooBfIOOkLqBI="
    },
    "base64id": {
      "version": "2.0.0",
      "resolved": "https://registry.npm.taobao.org/base64id/download/base64id-2.0.0.tgz",
      "integrity": "sha1-J3Csa8R9MSr5eov5pjQ0LgzSXLY="
    },
    "blob": {
      "version": "0.0.5",
      "resolved": "https://registry.npm.taobao.org/blob/download/blob-0.0.5.tgz",
      "integrity": "sha1-1oDu7yX4zZGtUz9bAe7UjmTK9oM="
    },
    "bson": {
      "version": "0.1.8",
      "resolved": "https://registry.npm.taobao.org/bson/download/bson-0.1.8.tgz",
      "integrity": "sha1-zzT9z/CBoYm1ibSz5ekwnNZQbIE="
    },
    "buffer-crc32": {
      "version": "0.2.13",
      "resolved": "https://registry.npm.taobao.org/buffer-crc32/download/buffer-crc32-0.2.13.tgz",
      "integrity": "sha1-DTM+PwDqxQqhRUq9MO+MKl2ackI="
    },
    "buildmail": {
      "version": "4.0.1",
      "resolved": "https://registry.npm.taobao.org/buildmail/download/buildmail-4.0.1.tgz",
      "integrity": "sha1-h393OLeHKYccmhBeO4N9K+EaenI=",
      "requires": {
        "addressparser": "1.0.1",
        "libbase64": "0.1.0",
        "libmime": "3.0.0",
        "libqp": "1.1.0",
        "nodemailer-fetch": "1.6.0",
        "nodemailer-shared": "1.1.0",
        "punycode": "1.4.1"
      }
    },
    "bytes": {
      "version": "0.2.0",
      "resolved": "https://registry.npm.taobao.org/bytes/download/bytes-0.2.0.tgz",
      "integrity": "sha1-qtM+wU49wsp06OfUUfm6BTrU96A="
    },
    "commander": {
      "version": "0.6.1",
      "resolved": "https://registry.npm.taobao.org/commander/download/commander-0.6.1.tgz?cache=0&sync_timestamp=1610702145547&other_urls=https%3A%2F%2Fregistry.npm.taobao.org%2Fcommander%2Fdownload%2Fcommander-0.6.1.tgz",
      "integrity": "sha1-+mihT2qUXVTbvlDYzbMyDp47GgY="
    },
    "component-bind": {
      "version": "1.0.0",
      "resolved": "https://registry.npm.taobao.org/component-bind/download/component-bind-1.0.0.tgz",
      "integrity": "sha1-AMYIq33Nk4l8AAllGx06jh5zu9E="
    },
    "component-emitter": {
      "version": "1.3.0",
      "resolved": "https://registry.npm.taobao.org/component-emitter/download/component-emitter-1.3.0.tgz",
      "integrity": "sha1-FuQHD7qK4ptnnyIVhT7hgasuq8A="
    },
    "component-inherit": {
      "version": "0.0.3",
      "resolved": "https://registry.npm.taobao.org/component-inherit/download/component-inherit-0.0.3.tgz",
      "integrity": "sha1-ZF/ErfWLcrZJ1crmUTVhnbJv8UM="
    },
    "config": {
      "version": "0.4.32",
      "resolved": "https://registry.npm.taobao.org/config/download/config-0.4.32.tgz",
      "integrity": "sha1-ojVJnqgY8gSwZVbpA+9ofExMkac="
    },
    "connect": {
      "version": "2.7.6",
      "resolved": "https://registry.npm.taobao.org/connect/download/connect-2.7.6.tgz",
      "integrity": "sha1-uDto+m8kXFAg4jlUcsyDIrAGBzg=",
      "requires": {
        "buffer-crc32": "0.1.1",
        "bytes": "0.2.0",
        "cookie": "0.0.5",
        "cookie-signature": "1.0.1",
        "debug": "*",
        "formidable": "1.0.11",
        "fresh": "0.1.0",
        "pause": "0.0.1",
        "qs": "0.5.1",
        "send": "0.1.0"
      },
      "dependencies": {
        "buffer-crc32": {
          "version": "0.1.1",
          "resolved": "https://registry.npm.taobao.org/buffer-crc32/download/buffer-crc32-0.1.1.tgz",
          "integrity": "sha1-fhENyZU5CKt8MqzccMn5RbHLxSY="
        }
      }
    },
    "connect-flash": {
      "version": "0.1.0",
      "resolved": "https://registry.npm.taobao.org/connect-flash/download/connect-flash-0.1.0.tgz",
      "integrity": "sha1-grOB1hoStlFDffHCWcHxyEEjm4g="
    },
    "cookie": {
      "version": "0.0.5",
      "resolved": "https://registry.npm.taobao.org/cookie/download/cookie-0.0.5.tgz",
      "integrity": "sha1-+az521frdWjJ/MWWJWt7si4wfIE="
    },
    "cookie-signature": {
      "version": "1.0.1",
      "resolved": "https://registry.npm.taobao.org/cookie-signature/download/cookie-signature-1.0.1.tgz",
      "integrity": "sha1-ROByFIrwHm6OJK+/EmkNaK5pjss="
    },
    "debug": {
      "version": "4.3.1",
      "resolved": "https://registry.npm.taobao.org/debug/download/debug-4.3.1.tgz?cache=0&sync_timestamp=1607566580543&other_urls=https%3A%2F%2Fregistry.npm.taobao.org%2Fdebug%2Fdownload%2Fdebug-4.3.1.tgz",
      "integrity": "sha1-8NIpxQXgxtjEmsVT0bE9wYP2su4=",
      "requires": {
        "ms": "2.1.2"
      }
    },
    "diff": {
      "version": "1.0.7",
      "resolved": "https://registry.npm.taobao.org/diff/download/diff-1.0.7.tgz",
      "integrity": "sha1-JLuwAcSn1VIhaefKvbLCgU7ZHPQ="
    },
    "ejs": {
      "version": "0.8.3",
      "resolved": "https://registry.npm.taobao.org/ejs/download/ejs-0.8.3.tgz?cache=0&sync_timestamp=1612643435705&other_urls=https%3A%2F%2Fregistry.npm.taobao.org%2Fejs%2Fdownload%2Fejs-0.8.3.tgz",
      "integrity": "sha1-24qsR/+Ap9+CtMgsEm/olwhwYm8="
    },
    "engine.io": {
      "version": "3.5.0",
      "resolved": "https://registry.npm.taobao.org/engine.io/download/engine.io-3.5.0.tgz?cache=0&sync_timestamp=1612260759086&other_urls=https%3A%2F%2Fregistry.npm.taobao.org%2Fengine.io%2Fdownload%2Fengine.io-3.5.0.tgz",
      "integrity": "sha1-nWuYXIo5sf6HzZHrAU3gVSJZghs=",
      "requires": {
        "accepts": "~1.3.4",
        "base64id": "2.0.0",
        "cookie": "~0.4.1",
        "debug": "~4.1.0",
        "engine.io-parser": "~2.2.0",
        "ws": "~7.4.2"
      },
      "dependencies": {
        "cookie": {
          "version": "0.4.1",
          "resolved": "https://registry.npm.taobao.org/cookie/download/cookie-0.4.1.tgz",
          "integrity": "sha1-r9cT/ibr0hupXOth+agRblClN9E="
        },
        "debug": {
          "version": "4.1.1",
          "resolved": "https://registry.npm.taobao.org/debug/download/debug-4.1.1.tgz?cache=0&sync_timestamp=1607566580543&other_urls=https%3A%2F%2Fregistry.npm.taobao.org%2Fdebug%2Fdownload%2Fdebug-4.1.1.tgz",
          "integrity": "sha1-O3ImAlUQnGtYnO4FDx1RYTlmR5E=",
          "requires": {
            "ms": "^2.1.1"
          }
        }
      }
    },
    "engine.io-client": {
      "version": "3.5.0",
      "resolved": "https://registry.npm.taobao.org/engine.io-client/download/engine.io-client-3.5.0.tgz",
      "integrity": "sha1-/BtNlhYojOTy2vBtz2EkE97JQcc=",
      "requires": {
        "component-emitter": "~1.3.0",
        "component-inherit": "0.0.3",
        "debug": "~3.1.0",
        "engine.io-parser": "~2.2.0",
        "has-cors": "1.1.0",
        "indexof": "0.0.1",
        "parseqs": "0.0.6",
        "parseuri": "0.0.6",
        "ws": "~7.4.2",
        "xmlhttprequest-ssl": "~1.5.4",
        "yeast": "0.1.2"
      },
      "dependencies": {
        "debug": {
          "version": "3.1.0",
          "resolved": "https://registry.npm.taobao.org/debug/download/debug-3.1.0.tgz?cache=0&sync_timestamp=1607566580543&other_urls=https%3A%2F%2Fregistry.npm.taobao.org%2Fdebug%2Fdownload%2Fdebug-3.1.0.tgz",
          "integrity": "sha1-W7WgZyYotkFJVmuhaBnmFRjGcmE=",
          "requires": {
            "ms": "2.0.0"
          }
        },
        "ms": {
          "version": "2.0.0",
          "resolved": "https://registry.npm.taobao.org/ms/download/ms-2.0.0.tgz?cache=0&sync_timestamp=1607433905701&other_urls=https%3A%2F%2Fregistry.npm.taobao.org%2Fms%2Fdownload%2Fms-2.0.0.tgz",
          "integrity": "sha1-VgiurfwAvmwpAd9fmGF4jeDVl8g="
        }
      }
    },
    "engine.io-parser": {
      "version": "2.2.1",
      "resolved": "https://registry.npm.taobao.org/engine.io-parser/download/engine.io-parser-2.2.1.tgz",
      "integrity": "sha1-V85WEdk3DulPmWQbWJ+UyX5PXac=",
      "requires": {
        "after": "0.8.2",
        "arraybuffer.slice": "~0.0.7",
        "base64-arraybuffer": "0.1.4",
        "blob": "0.0.5",
        "has-binary2": "~1.0.2"
      }
    },
    "esprima": {
      "version": "1.0.4",
      "resolved": "https://registry.npm.taobao.org/esprima/download/esprima-1.0.4.tgz",
      "integrity": "sha1-n1V+CPw7TSbs6d00+Pv0drYlha0="
    },
    "express": {
      "version": "3.2.0",
      "resolved": "https://registry.npm.taobao.org/express/download/express-3.2.0.tgz",
      "integrity": "sha1-e2bWxmsDgDju30UoBCIrMHc3SuA=",
      "requires": {
        "buffer-crc32": "~0.2.1",
        "commander": "0.6.1",
        "connect": "2.7.6",
        "cookie": "0.0.5",
        "cookie-signature": "1.0.1",
        "debug": "*",
        "fresh": "0.1.0",
        "methods": "0.0.1",
        "mkdirp": "~0.3.4",
        "range-parser": "0.0.4",
        "send": "0.1.0"
      }
    },
    "express-partials": {
      "version": "0.1.1",
      "resolved": "https://registry.npm.taobao.org/express-partials/download/express-partials-0.1.1.tgz",
      "integrity": "sha1-MxYUVyqQ6luyZwfXLrIWZfxj6aM="
    },
    "formidable": {
      "version": "1.0.11",
      "resolved": "https://registry.npm.taobao.org/formidable/download/formidable-1.0.11.tgz",
      "integrity": "sha1-aPYzJaA15kS297s9ESQ7l2HeGzA="
    },
    "fresh": {
      "version": "0.1.0",
      "resolved": "https://registry.npm.taobao.org/fresh/download/fresh-0.1.0.tgz",
      "integrity": "sha1-A+SwF4Qk5MLV0ZpU2IFM3JeTSFA="
    },
    "glob": {
      "version": "3.2.3",
      "resolved": "https://registry.npm.taobao.org/glob/download/glob-3.2.3.tgz",
      "integrity": "sha1-4xPusknHr/qlxHUoaw4RW1mDlGc=",
      "requires": {
        "graceful-fs": "~2.0.0",
        "inherits": "2",
        "minimatch": "~0.2.11"
      }
    },
    "graceful-fs": {
      "version": "2.0.3",
      "resolved": "https://registry.npm.taobao.org/graceful-fs/download/graceful-fs-2.0.3.tgz",
      "integrity": "sha1-fNLNsiiko/Nule+mzBQt59GhNtA="
    },
    "growl": {
      "version": "1.7.0",
      "resolved": "https://registry.npm.taobao.org/growl/download/growl-1.7.0.tgz",
      "integrity": "sha1-3i1mE20ALhErpw8/EMMc98NQsto="
    },
    "has-binary2": {
      "version": "1.0.3",
      "resolved": "https://registry.npm.taobao.org/has-binary2/download/has-binary2-1.0.3.tgz",
      "integrity": "sha1-d3asYn8+p3JQz8My2rfd9eT10R0=",
      "requires": {
        "isarray": "2.0.1"
      }
    },
    "has-cors": {
      "version": "1.1.0",
      "resolved": "https://registry.npm.taobao.org/has-cors/download/has-cors-1.1.0.tgz",
      "integrity": "sha1-XkdHk/fqmEPRu5nCPu9J/xJv/zk="
    },
    "hooks": {
      "version": "0.2.1",
      "resolved": "https://registry.npm.taobao.org/hooks/download/hooks-0.2.1.tgz",
      "integrity": "sha1-D1kbGzRL3LPfWXc/Yvu6+Fv0Aos="
    },
    "iconv-lite": {
      "version": "0.4.15",
      "resolved": "https://registry.npm.taobao.org/iconv-lite/download/iconv-lite-0.4.15.tgz",
      "integrity": "sha1-/iZaIYrGpXz+hUkn6dBMGYJe3es="
    },
    "indexof": {
      "version": "0.0.1",
      "resolved": "https://registry.npm.taobao.org/indexof/download/indexof-0.0.1.tgz",
      "integrity": "sha1-gtwzbSMrkGIXnQWrMpOmYFn9Q10="
    },
    "inherits": {
      "version": "2.0.4",
      "resolved": "https://registry.npm.taobao.org/inherits/download/inherits-2.0.4.tgz",
      "integrity": "sha1-D6LGT5MpF8NDOg3tVTY6rjdBa3w="
    },
    "isarray": {
      "version": "2.0.1",
      "resolved": "https://registry.npm.taobao.org/isarray/download/isarray-2.0.1.tgz",
      "integrity": "sha1-o32U7ZzaLVmGXJ92/llu4fM4dB4="
    },
    "jade": {
      "version": "0.26.3",
      "resolved": "https://registry.npm.taobao.org/jade/download/jade-0.26.3.tgz",
      "integrity": "sha1-jxDXl32NefL2/4YqgbBRPMslaGw=",
      "requires": {
        "commander": "0.6.1",
        "mkdirp": "0.3.0"
      },
      "dependencies": {
        "mkdirp": {
          "version": "0.3.0",
          "resolved": "https://registry.npm.taobao.org/mkdirp/download/mkdirp-0.3.0.tgz",
          "integrity": "sha1-G79asbqCevI1dRQ0kEJkVfSB/h4="
        }
      }
    },
    "js-yaml": {
      "version": "2.1.0",
      "resolved": "https://registry.npm.taobao.org/js-yaml/download/js-yaml-2.1.0.tgz",
      "integrity": "sha1-pVpuRwawHQYyYlmm9L/ELmrjix8=",
      "requires": {
        "argparse": "~ 0.1.11",
        "esprima": "~ 1.0.2"
      }
    },
    "libbase64": {
      "version": "0.1.0",
      "resolved": "https://registry.npm.taobao.org/libbase64/download/libbase64-0.1.0.tgz",
      "integrity": "sha1-YjUag5VjrF/1vSbxL2Dpgwu3UeY="
    },
    "libmime": {
      "version": "3.0.0",
      "resolved": "https://registry.npm.taobao.org/libmime/download/libmime-3.0.0.tgz",
      "integrity": "sha1-UaGp50SOy9Ms2lRCFnW7IbwJPaY=",
      "requires": {
        "iconv-lite": "0.4.15",
        "libbase64": "0.1.0",
        "libqp": "1.1.0"
      }
    },
    "libqp": {
      "version": "1.1.0",
      "resolved": "https://registry.npm.taobao.org/libqp/download/libqp-1.1.0.tgz",
      "integrity": "sha1-9ebgatdLeU+1tbZpiL9yjvHe2+g="
    },
    "lru-cache": {
      "version": "2.7.3",
      "resolved": "https://registry.npm.taobao.org/lru-cache/download/lru-cache-2.7.3.tgz",
      "integrity": "sha1-bUUk6LlV+V1PW1iFHOId1y+06VI="
    },
    "mailcomposer": {
      "version": "4.0.2",
      "resolved": "https://registry.npm.taobao.org/mailcomposer/download/mailcomposer-4.0.2.tgz",
      "integrity": "sha1-tjVALMfy7tsQEw09Ca2IscLX4QE=",
      "requires": {
        "buildmail": "4.0.1",
        "libmime": "3.0.0"
      }
    },
    "methods": {
      "version": "0.0.1",
      "resolved": "https://registry.npm.taobao.org/methods/download/methods-0.0.1.tgz",
      "integrity": "sha1-J3yQ+L7zlwlkWoNxxRw7bGSOBow="
    },
    "mime": {
      "version": "1.2.6",
      "resolved": "https://registry.npm.taobao.org/mime/download/mime-1.2.6.tgz?cache=0&sync_timestamp=1610756267429&other_urls=https%3A%2F%2Fregistry.npm.taobao.org%2Fmime%2Fdownload%2Fmime-1.2.6.tgz",
      "integrity": "sha1-sfhsdowCX6h7SAdfFwnyiuryA2U="
    },
    "mime-db": {
      "version": "1.45.0",
      "resolved": "https://registry.npm.taobao.org/mime-db/download/mime-db-1.45.0.tgz?cache=0&sync_timestamp=1600831175828&other_urls=https%3A%2F%2Fregistry.npm.taobao.org%2Fmime-db%2Fdownload%2Fmime-db-1.45.0.tgz",
      "integrity": "sha1-zO7aIczXw6dF66LezVXUtz54eeo="
    },
    "mime-types": {
      "version": "2.1.28",
      "resolved": "https://registry.npm.taobao.org/mime-types/download/mime-types-2.1.28.tgz?cache=0&sync_timestamp=1609559952590&other_urls=https%3A%2F%2Fregistry.npm.taobao.org%2Fmime-types%2Fdownload%2Fmime-types-2.1.28.tgz",
      "integrity": "sha1-EWDEdX6rLFNjiI4AUnPs950qDs0=",
      "requires": {
        "mime-db": "1.45.0"
      }
    },
    "minimatch": {
      "version": "0.2.14",
      "resolved": "https://registry.npm.taobao.org/minimatch/download/minimatch-0.2.14.tgz",
      "integrity": "sha1-x054BXT2PG+aCQ6Q775u9TpqdWo=",
      "requires": {
        "lru-cache": "2",
        "sigmund": "~1.0.0"
      }
    },
    "minimist": {
      "version": "0.0.10",
      "resolved": "https://registry.npm.taobao.org/minimist/download/minimist-0.0.10.tgz?cache=0&sync_timestamp=1606706583368&other_urls=https%3A%2F%2Fregistry.npm.taobao.org%2Fminimist%2Fdownload%2Fminimist-0.0.10.tgz",
      "integrity": "sha1-3j+YVD2/lggr5IrRoMfNqDYwHc8="
    },
    "mkdirp": {
      "version": "0.3.5",
      "resolved": "https://registry.npm.taobao.org/mkdirp/download/mkdirp-0.3.5.tgz",
      "integrity": "sha1-3j5fiWHIjHh+4TaN+EmsRBPsqNc="
    },
    "mocha": {
      "version": "1.7.4",
      "resolved": "https://registry.npm.taobao.org/mocha/download/mocha-1.7.4.tgz",
      "integrity": "sha1-WEIOiSO0TcVUggGyHFLrqNT/MM0=",
      "dev": true,
      "requires": {
        "commander": "0.6.1",
        "debug": "*",
        "diff": "1.0.2",
        "growl": "1.6.x",
        "jade": "0.26.3",
        "mkdirp": "0.3.3",
        "ms": "0.3.0"
      },
      "dependencies": {
        "diff": {
          "version": "1.0.2",
          "resolved": "https://registry.npm.taobao.org/diff/download/diff-1.0.2.tgz",
          "integrity": "sha1-Suc/Gu6Nb89ITxoc53zmUdm38Mk=",
          "dev": true
        },
        "growl": {
          "version": "1.6.1",
          "resolved": "https://registry.npm.taobao.org/growl/download/growl-1.6.1.tgz",
          "integrity": "sha1-xNm7ro+aVyKV2gYrA81z4e8uFLI=",
          "dev": true
        },
        "mkdirp": {
          "version": "0.3.3",
          "resolved": "https://registry.npm.taobao.org/mkdirp/download/mkdirp-0.3.3.tgz",
          "integrity": "sha1-WV4lHBNww6aLqyE20ONIuBBa3xM=",
          "dev": true
        },
        "ms": {
          "version": "0.3.0",
          "resolved": "https://registry.npm.taobao.org/ms/download/ms-0.3.0.tgz?cache=0&sync_timestamp=1607433905701&other_urls=https%3A%2F%2Fregistry.npm.taobao.org%2Fms%2Fdownload%2Fms-0.3.0.tgz",
          "integrity": "sha1-A+3DSNYT5mpWSGz9rFO8vomcvWE=",
          "dev": true
        }
      }
    },
    "moment": {
      "version": "2.1.0",
      "resolved": "https://registry.npm.taobao.org/moment/download/moment-2.1.0.tgz?cache=0&sync_timestamp=1601983320283&other_urls=https%3A%2F%2Fregistry.npm.taobao.org%2Fmoment%2Fdownload%2Fmoment-2.1.0.tgz",
      "integrity": "sha1-H9exE0ApqVPG6jcduu43WYrANWc="
    },
    "mongodb": {
      "version": "1.2.14",
      "resolved": "https://registry.npm.taobao.org/mongodb/download/mongodb-1.2.14.tgz",
      "integrity": "sha1-JpZlVSBmQ3MI0JQgNmRuZ5XDqaM=",
      "requires": {
        "bson": "0.1.8"
      }
    },
    "mongoose": {
      "version": "3.6.7",
      "resolved": "https://registry.npm.taobao.org/mongoose/download/mongoose-3.6.7.tgz?cache=0&sync_timestamp=1612402242514&other_urls=https%3A%2F%2Fregistry.npm.taobao.org%2Fmongoose%2Fdownload%2Fmongoose-3.6.7.tgz",
      "integrity": "sha1-qmyfTft0DHch2+c0+7l3FOWrDrw=",
      "requires": {
        "hooks": "0.2.1",
        "mongodb": "1.2.14",
        "mpath": "0.1.1",
        "mpromise": "0.2.1",
        "ms": "0.1.0",
        "muri": "0.3.1",
        "sliced": "0.0.3"
      },
      "dependencies": {
        "ms": {
          "version": "0.1.0",
          "resolved": "https://registry.npm.taobao.org/ms/download/ms-0.1.0.tgz?cache=0&sync_timestamp=1607433905701&other_urls=https%3A%2F%2Fregistry.npm.taobao.org%2Fms%2Fdownload%2Fms-0.1.0.tgz",
          "integrity": "sha1-8h+sSQ2vHXZn/RgP6QdzicyUQrI="
        }
      }
    },
    "mongoose-lifecycle": {
      "version": "1.0.0",
      "resolved": "https://registry.npm.taobao.org/mongoose-lifecycle/download/mongoose-lifecycle-1.0.0.tgz",
      "integrity": "sha1-O6w/OSSoRdFHeE/GVY3ukAsBUeI="
    },
    "mpath": {
      "version": "0.1.1",
      "resolved": "https://registry.npm.taobao.org/mpath/download/mpath-0.1.1.tgz",
      "integrity": "sha1-I9qFK3wjLuCX9HWdKcDunNItXkY="
    },
    "mpromise": {
      "version": "0.2.1",
      "resolved": "https://registry.npm.taobao.org/mpromise/download/mpromise-0.2.1.tgz",
      "integrity": "sha1-+73CjLAgfkm4pOsaTAzqbC3nlMg=",
      "requires": {
        "sliced": "0.0.4"
      },
      "dependencies": {
        "sliced": {
          "version": "0.0.4",
          "resolved": "https://registry.npm.taobao.org/sliced/download/sliced-0.0.4.tgz",
          "integrity": "sha1-NPiabbHzH6Ul9aVw9bz4d88JVe4="
        }
      }
    },
    "ms": {
      "version": "2.1.2",
      "resolved": "https://registry.npm.taobao.org/ms/download/ms-2.1.2.tgz?cache=0&sync_timestamp=1607433905701&other_urls=https%3A%2F%2Fregistry.npm.taobao.org%2Fms%2Fdownload%2Fms-2.1.2.tgz",
      "integrity": "sha1-0J0fNXtEP0kzgqjrPM0YOHKuYAk="
    },
    "muri": {
      "version": "0.3.1",
      "resolved": "https://registry.npm.taobao.org/muri/download/muri-0.3.1.tgz",
      "integrity": "sha1-hhiJxchX8aQ3AL7oXVBzH2FyfJo="
    },
    "nan": {
      "version": "2.14.2",
      "resolved": "https://registry.npm.taobao.org/nan/download/nan-2.14.2.tgz",
      "integrity": "sha1-9TdkAGlRaPTMaUrJOT0MlYXu6hk="
    },
    "negotiator": {
      "version": "0.6.2",
      "resolved": "https://registry.npm.taobao.org/negotiator/download/negotiator-0.6.2.tgz",
      "integrity": "sha1-/qz3zPUlp3rpY0Q2pkiD/+yjRvs="
    },
    "net-ping": {
      "version": "1.1.7",
      "resolved": "https://registry.npm.taobao.org/net-ping/download/net-ping-1.1.7.tgz",
      "integrity": "sha1-SfW8pVowo3JtaSU1V/IxE1pjcHU=",
      "requires": {
        "raw-socket": "*"
      }
    },
    "nodemailer": {
      "version": "0.3.35",
      "resolved": "https://registry.npm.taobao.org/nodemailer/download/nodemailer-0.3.35.tgz",
      "integrity": "sha1-TTjNwK0jC9+IzCfRJW70n8tCLhk=",
      "requires": {
        "mailcomposer": ">= 0.1.27",
        "optimist": "*",
        "simplesmtp": ">= 0.1.22"
      }
    },
    "nodemailer-fetch": {
      "version": "1.6.0",
      "resolved": "https://registry.npm.taobao.org/nodemailer-fetch/download/nodemailer-fetch-1.6.0.tgz",
      "integrity": "sha1-ecSQihwPXzdbc/6IjamCj23JY6Q="
    },
    "nodemailer-shared": {
      "version": "1.1.0",
      "resolved": "https://registry.npm.taobao.org/nodemailer-shared/download/nodemailer-shared-1.1.0.tgz",
      "integrity": "sha1-z1mU4v0mjQD1zw+nZ6CBae2wfsA=",
      "requires": {
        "nodemailer-fetch": "1.6.0"
      }
    },
    "optimist": {
      "version": "0.6.1",
      "resolved": "https://registry.npm.taobao.org/optimist/download/optimist-0.6.1.tgz",
      "integrity": "sha1-2j6nRob6IaGaERwybpDrFaAZZoY=",
      "requires": {
        "minimist": "~0.0.1",
        "wordwrap": "~0.0.2"
      }
    },
    "parseqs": {
      "version": "0.0.6",
      "resolved": "https://registry.npm.taobao.org/parseqs/download/parseqs-0.0.6.tgz",
      "integrity": "sha1-jku1oZ0c3IRKCKyXTTTic6+mcNU="
    },
    "parseuri": {
      "version": "0.0.6",
      "resolved": "https://registry.npm.taobao.org/parseuri/download/parseuri-0.0.6.tgz",
      "integrity": "sha1-4Ulugp46wv9H85pN0ESzKCPEolo="
    },
    "pause": {
      "version": "0.0.1",
      "resolved": "https://registry.npm.taobao.org/pause/download/pause-0.0.1.tgz",
      "integrity": "sha1-HUCLP9t2kjuVQ9lvtMnf1TXZy10="
    },
    "punycode": {
      "version": "1.4.1",
      "resolved": "https://registry.npm.taobao.org/punycode/download/punycode-1.4.1.tgz",
      "integrity": "sha1-wNWmOycYgArY4esPpSachN1BhF4="
    },
    "qs": {
      "version": "0.5.1",
      "resolved": "https://registry.npm.taobao.org/qs/download/qs-0.5.1.tgz?cache=0&sync_timestamp=1610598122721&other_urls=https%3A%2F%2Fregistry.npm.taobao.org%2Fqs%2Fdownload%2Fqs-0.5.1.tgz",
      "integrity": "sha1-n2v12axsdjhOldNtFbSJgOXkrdA="
    },
    "rai": {
      "version": "0.1.12",
      "resolved": "https://registry.npm.taobao.org/rai/download/rai-0.1.12.tgz",
      "integrity": "sha1-jM/QFND5YIYw3XPBm45LBXdUpqY="
    },
    "range-parser": {
      "version": "0.0.4",
      "resolved": "https://registry.npm.taobao.org/range-parser/download/range-parser-0.0.4.tgz",
      "integrity": "sha1-wEJ//vUcEKy6B4KkbJYC50T/Ygs="
    },
    "raw-socket": {
      "version": "1.7.0",
      "resolved": "https://registry.npm.taobao.org/raw-socket/download/raw-socket-1.7.0.tgz",
      "integrity": "sha1-zQvMPaUkUNy2ue/nptCJC/Gq+ds=",
      "requires": {
        "nan": "2.14.*"
      }
    },
    "sax": {
      "version": "0.5.8",
      "resolved": "https://registry.npm.taobao.org/sax/download/sax-0.5.8.tgz",
      "integrity": "sha1-1HLbIo6zMcJQaw6MFVJK25OdEsE="
    },
    "semver": {
      "version": "1.1.0",
      "resolved": "https://registry.npm.taobao.org/semver/download/semver-1.1.0.tgz",
      "integrity": "sha1-2pucg34xVQp8koYivCOB3n3XpT4="
    },
    "send": {
      "version": "0.1.0",
      "resolved": "https://registry.npm.taobao.org/send/download/send-0.1.0.tgz",
      "integrity": "sha1-z7COvTzsm3/Bo32f+eh1qXHPRkA=",
      "requires": {
        "debug": "*",
        "fresh": "0.1.0",
        "mime": "1.2.6",
        "range-parser": "0.0.4"
      }
    },
    "should": {
      "version": "1.1.0",
      "resolved": "https://registry.npm.taobao.org/should/download/should-1.1.0.tgz",
      "integrity": "sha1-lAmSJmnV4GJHWFB2kv0WqPMEs0w=",
      "dev": true
    },
    "sigmund": {
      "version": "1.0.1",
      "resolved": "https://registry.npm.taobao.org/sigmund/download/sigmund-1.0.1.tgz",
      "integrity": "sha1-P/IfGYytIXX587eBhT/ZTQ0ZtZA="
    },
    "simplesmtp": {
      "version": "0.3.35",
      "resolved": "https://registry.npm.taobao.org/simplesmtp/download/simplesmtp-0.3.35.tgz",
      "integrity": "sha1-AXseuLJjF6w20qKoqTJjGIBzagM=",
      "requires": {
        "rai": "~0.1.11",
        "xoauth2": "~0.1.8"
      }
    },
    "sliced": {
      "version": "0.0.3",
      "resolved": "https://registry.npm.taobao.org/sliced/download/sliced-0.0.3.tgz",
      "integrity": "sha1-TwusIXHrFxYsO6bfgfXPBA98flA="
    },
    "socket.io": {
      "version": "2.4.1",
      "resolved": "https://registry.npm.taobao.org/socket.io/download/socket.io-2.4.1.tgz",
      "integrity": "sha1-la2GHJpSNp1/Gmis8NShsW2kUdI=",
      "requires": {
        "debug": "~4.1.0",
        "engine.io": "~3.5.0",
        "has-binary2": "~1.0.2",
        "socket.io-adapter": "~1.1.0",
        "socket.io-client": "2.4.0",
        "socket.io-parser": "~3.4.0"
      },
      "dependencies": {
        "debug": {
          "version": "4.1.1",
          "resolved": "https://registry.npm.taobao.org/debug/download/debug-4.1.1.tgz?cache=0&sync_timestamp=1607566580543&other_urls=https%3A%2F%2Fregistry.npm.taobao.org%2Fdebug%2Fdownload%2Fdebug-4.1.1.tgz",
          "integrity": "sha1-O3ImAlUQnGtYnO4FDx1RYTlmR5E=",
          "requires": {
            "ms": "^2.1.1"
          }
        }
      }
    },
    "socket.io-adapter": {
      "version": "1.1.2",
      "resolved": "https://registry.npm.taobao.org/socket.io-adapter/download/socket.io-adapter-1.1.2.tgz",
      "integrity": "sha1-qz8Nb2a4/H/KOVmrWZH4IiF4m+k="
    },
    "socket.io-client": {
      "version": "2.4.0",
      "resolved": "https://registry.npm.taobao.org/socket.io-client/download/socket.io-client-2.4.0.tgz",
      "integrity": "sha1-qvtdWUo8VaNDVVYvyK6iLtkRmjU=",
      "requires": {
        "backo2": "1.0.2",
        "component-bind": "1.0.0",
        "component-emitter": "~1.3.0",
        "debug": "~3.1.0",
        "engine.io-client": "~3.5.0",
        "has-binary2": "~1.0.2",
        "indexof": "0.0.1",
        "parseqs": "0.0.6",
        "parseuri": "0.0.6",
        "socket.io-parser": "~3.3.0",
        "to-array": "0.1.4"
      },
      "dependencies": {
        "debug": {
          "version": "3.1.0",
          "resolved": "https://registry.npm.taobao.org/debug/download/debug-3.1.0.tgz?cache=0&sync_timestamp=1607566580543&other_urls=https%3A%2F%2Fregistry.npm.taobao.org%2Fdebug%2Fdownload%2Fdebug-3.1.0.tgz",
          "integrity": "sha1-W7WgZyYotkFJVmuhaBnmFRjGcmE=",
          "requires": {
            "ms": "2.0.0"
          }
        },
        "ms": {
          "version": "2.0.0",
          "resolved": "https://registry.npm.taobao.org/ms/download/ms-2.0.0.tgz?cache=0&sync_timestamp=1607433905701&other_urls=https%3A%2F%2Fregistry.npm.taobao.org%2Fms%2Fdownload%2Fms-2.0.0.tgz",
          "integrity": "sha1-VgiurfwAvmwpAd9fmGF4jeDVl8g="
        },
        "socket.io-parser": {
          "version": "3.3.2",
          "resolved": "https://registry.npm.taobao.org/socket.io-parser/download/socket.io-parser-3.3.2.tgz?cache=0&sync_timestamp=1610670119559&other_urls=https%3A%2F%2Fregistry.npm.taobao.org%2Fsocket.io-parser%2Fdownload%2Fsocket.io-parser-3.3.2.tgz",
          "integrity": "sha1-74cgCdCtz3BPL76DAZGhR1KtULY=",
          "requires": {
            "component-emitter": "~1.3.0",
            "debug": "~3.1.0",
            "isarray": "2.0.1"
          }
        }
      }
    },
    "socket.io-parser": {
      "version": "3.4.1",
      "resolved": "https://registry.npm.taobao.org/socket.io-parser/download/socket.io-parser-3.4.1.tgz?cache=0&sync_timestamp=1610670119559&other_urls=https%3A%2F%2Fregistry.npm.taobao.org%2Fsocket.io-parser%2Fdownload%2Fsocket.io-parser-3.4.1.tgz",
      "integrity": "sha1-sGr4ODApdYN+qy3JgAN9okBU1ko=",
      "requires": {
        "component-emitter": "1.2.1",
        "debug": "~4.1.0",
        "isarray": "2.0.1"
      },
      "dependencies": {
        "component-emitter": {
          "version": "1.2.1",
          "resolved": "https://registry.npm.taobao.org/component-emitter/download/component-emitter-1.2.1.tgz",
          "integrity": "sha1-E3kY1teCg/ffemt8WmPhQOaUJeY="
        },
        "debug": {
          "version": "4.1.1",
          "resolved": "https://registry.npm.taobao.org/debug/download/debug-4.1.1.tgz?cache=0&sync_timestamp=1607566580543&other_urls=https%3A%2F%2Fregistry.npm.taobao.org%2Fdebug%2Fdownload%2Fdebug-4.1.1.tgz",
          "integrity": "sha1-O3ImAlUQnGtYnO4FDx1RYTlmR5E=",
          "requires": {
            "ms": "^2.1.1"
          }
        }
      }
    },
    "to-array": {
      "version": "0.1.4",
      "resolved": "https://registry.npm.taobao.org/to-array/download/to-array-0.1.4.tgz",
      "integrity": "sha1-F+bBH3PdTz10zaek/zI46a2b+JA="
    },
    "underscore": {
      "version": "1.7.0",
      "resolved": "https://registry.npm.taobao.org/underscore/download/underscore-1.7.0.tgz",
      "integrity": "sha1-a7rwh3UA02vjTsqlhODbn+8DUgk="
    },
    "underscore.string": {
      "version": "2.4.0",
      "resolved": "https://registry.npm.taobao.org/underscore.string/download/underscore.string-2.4.0.tgz",
      "integrity": "sha1-jN2PusTi0uoefi6Al8QvRCKA+Fs="
    },
    "webpagetest": {
      "version": "0.2.0",
      "resolved": "https://registry.npm.taobao.org/webpagetest/download/webpagetest-0.2.0.tgz",
      "integrity": "sha1-PCoWIuLYC5pTusvYhj5XHWlX/SI=",
      "requires": {
        "commander": "~2.0.0",
        "mocha": "~1.13.0",
        "xml2js": "~0.2.8"
      },
      "dependencies": {
        "commander": {
          "version": "2.0.0",
          "resolved": "https://registry.npm.taobao.org/commander/download/commander-2.0.0.tgz?cache=0&sync_timestamp=1610702145547&other_urls=https%3A%2F%2Fregistry.npm.taobao.org%2Fcommander%2Fdownload%2Fcommander-2.0.0.tgz",
          "integrity": "sha1-0bhvkB+LZL2UG96tr5JFMDk76Sg="
        },
        "mocha": {
          "version": "1.13.0",
          "resolved": "https://registry.npm.taobao.org/mocha/download/mocha-1.13.0.tgz",
          "integrity": "sha1-jY+k4xC5TMbv6z7SauypbeqTMHw=",
          "requires": {
            "commander": "0.6.1",
            "debug": "*",
            "diff": "1.0.7",
            "glob": "3.2.3",
            "growl": "1.7.x",
            "jade": "0.26.3",
            "mkdirp": "0.3.5"
          },
          "dependencies": {
            "commander": {
              "version": "0.6.1",
              "resolved": "https://registry.npm.taobao.org/commander/download/commander-0.6.1.tgz?cache=0&sync_timestamp=1610702145547&other_urls=https%3A%2F%2Fregistry.npm.taobao.org%2Fcommander%2Fdownload%2Fcommander-0.6.1.tgz",
              "integrity": "sha1-+mihT2qUXVTbvlDYzbMyDp47GgY="
            }
          }
        }
      }
    },
    "wordwrap": {
      "version": "0.0.3",
      "resolved": "https://registry.npm.taobao.org/wordwrap/download/wordwrap-0.0.3.tgz",
      "integrity": "sha1-o9XabNXAvAAI03I0u68b7WMFkQc="
    },
    "ws": {
      "version": "7.4.3",
      "resolved": "https://registry.npm.taobao.org/ws/download/ws-7.4.3.tgz",
      "integrity": "sha1-H5ZD3jSlQ7jtsSS9y8RXrlWm5c0="
    },
    "xml2js": {
      "version": "0.2.8",
      "resolved": "https://registry.npm.taobao.org/xml2js/download/xml2js-0.2.8.tgz",
      "integrity": "sha1-m4FpCTFjH/CdGVdUn69U9PmAs8I=",
      "requires": {
        "sax": "0.5.x"
      }
    },
    "xmlhttprequest-ssl": {
      "version": "1.5.5",
      "resolved": "https://registry.npm.taobao.org/xmlhttprequest-ssl/download/xmlhttprequest-ssl-1.5.5.tgz",
      "integrity": "sha1-wodrBhaKrcQOV9l+gRkayPQ5iz4="
    },
    "xoauth2": {
      "version": "0.1.8",
      "resolved": "https://registry.npm.taobao.org/xoauth2/download/xoauth2-0.1.8.tgz",
      "integrity": "sha1-uRb/EOz7VDIPFvJKPpdRIGU6sNI="
    },
    "yeast": {
      "version": "0.1.2",
      "resolved": "https://registry.npm.taobao.org/yeast/download/yeast-0.1.2.tgz",
      "integrity": "sha1-AI4G2AlDIMNy28L47XagymyKxBk="
    }
  }
}
